lockfileVersion: '9.0'

settings:
  autoInstallPeers: true
  excludeLinksFromLockfile: false

importers:

  .:
    dependencies:
      idb:
        specifier: ^8.0.0
        version: 8.0.3
    devDependencies:
      '@types/react':
        specifier: ^19.0.0
        version: 19.2.15
      react:
        specifier: ^19.0.0
        version: 19.2.6
      typescript:
        specifier: ^5.7.0
        version: 5.9.3

packages:

  '@types/react@19.2.15':
    resolution: {integrity: sha512-eRwcGNHve+E8qtEQSSRl6urh+rFop4v8gm6O8rGv25CodbvFdLjA1vVQ1KkiFE0w0UPOnb8tDiFKL5lp0rtY5Q==}

  csstype@3.2.3:
    resolution: {integrity: sha512-z1HGKcYy2xA8AGQfwrn0PAy+PB7X/GSj3UVJW9qKyn43xWa+gl5nXmU4qqLMRzWVLFC8KusUX8T/0kCiOYpAIQ==}

  idb@8.0.3:
    resolution: {integrity: sha512-LtwtVyVYO5BqRvcsKuB2iUMnHwPVByPCXFXOpuU96IZPPoPN6xjOGxZQ74pgSVVLQWtUOYgyeL4GE98BY5D3wg==}

  react@19.2.6:
    resolution: {integrity: sha512-sfWGGfavi0xr8Pg0sVsyHMAOziVYKgPLNrS7ig+ivMNb3wbCBw3KxtflsGBAwD3gYQlE/AEZsTLgToRrSCjb0Q==}
    engines: {node: '>=0.10.0'}

  typescript@5.9.3:
    resolution: {integrity: sha512-jl1vZzPDinLr9eUt3J/t7V6FgNEw9QjvBPdysz9KfQDD41fQrC2Y4vKQdiaUpFT4bXlb1RHhLpp8wtm6M5TgSw==}
    engines: {node: '>=14.17'}
    hasBin: true

snapshots:

  '@types/react@19.2.15':
    dependencies:
      csstype: 3.2.3

  csstype@3.2.3: {}

  idb@8.0.3: {}

  react@19.2.6: {}

  typescript@5.9.3: {}
